
Microsoft Visual Studio Solution File, Format Version 12.00
Project("{2150E333-8FDC-42A3-9474-1A3956D46DE8}") = "src", "src", "{284C3513-EC50-4278-990A-3A4BA4EC49AA}"
EndProject
Project("{2150E333-8FDC-42A3-9474-1A3956D46DE8}") = "solution-items", "solution-items", "{301EDA84-3D15-4905-88D1-53D98D4A0427}"
	ProjectSection(SolutionItems) = preProject
		.gitignore = .gitignore
		LICENSE = LICENSE
		README.md = README.md
		src\Quiz.Api\.env = src\Quiz.Api\.env
		.github\workflows\quiz.yml = .github\workflows\quiz.yml
		Dockerfile = Dockerfile
		.dockerignore = .dockerignore
		CODE_OF_CONDUCT.md = CODE_OF_CONDUCT.md
		compose.yaml = compose.yaml
	EndProjectSection
EndProject
Project("{2150E333-8FDC-42A3-9474-1A3956D46DE8}") = "tests", "tests", "{BCEE0E70-384D-4BB9-A7AD-170B97CBAF7F}"
EndProject
Project("{2150E333-8FDC-42A3-9474-1A3956D46DE8}") = "Infrastructure", "Infrastructure", "{FC7CFCF6-11DA-465A-8F73-7BF4834D022C}"
EndProject
Project("{FAE04EC0-301F-11D3-BF4B-00C04F79EFBC}") = "Quiz.Application", "src\Quiz.Application\Quiz.Application.csproj", "{C4BDF69A-606A-457D-9037-F9892034528C}"
EndProject
Project("{FAE04EC0-301F-11D3-BF4B-00C04F79EFBC}") = "Quiz.Api", "src\Quiz.Api\Quiz.Api.csproj", "{6ABA83AA-9706-4440-8480-43A0A4CFF473}"
EndProject
Project("{FAE04EC0-301F-11D3-BF4B-00C04F79EFBC}") = "Quiz.Core", "src\Quiz.Core\Quiz.Core.csproj", "{74350BF8-B6EA-4E5D-ABA3-DE0447C0AD09}"
EndProject
Project("{FAE04EC0-301F-11D3-BF4B-00C04F79EFBC}") = "Quiz.Elasticsearch", "src\Quiz.Elasticsearch\Quiz.Elasticsearch.csproj", "{1E3BD4A8-7157-4EAD-B9E9-46331EB56FDC}"
EndProject
Project("{FAE04EC0-301F-11D3-BF4B-00C04F79EFBC}") = "Quiz.Persistence", "src\Quiz.Persistence\Quiz.Persistence.csproj", "{47E61386-2133-41BB-94B7-139A5720AB61}"
EndProject
Project("{FAE04EC0-301F-11D3-BF4B-00C04F79EFBC}") = "Quiz.Redis", "src\Quiz.Redis\Quiz.Redis.csproj", "{933239AB-251F-4765-AA2C-B01F93AF064A}"
EndProject
Project("{FAE04EC0-301F-11D3-BF4B-00C04F79EFBC}") = "Quiz.Serilog", "src\Quiz.Serilog\Quiz.Serilog.csproj", "{D1170946-BE6B-43E5-81C3-382AB50751FF}"
EndProject
Project("{FAE04EC0-301F-11D3-BF4B-00C04F79EFBC}") = "Quiz.MinIo", "src\Quiz.MinIo\Quiz.MinIo.csproj", "{41689DF6-1205-4EAB-9CAF-5BA80224A18E}"
EndProject
Project("{FAE04EC0-301F-11D3-BF4B-00C04F79EFBC}") = "Quiz.Labs", "tests\Quiz.Labs\Quiz.Labs.csproj", "{4A6FDEB2-232E-4033-9A80-8381A2FFAC25}"
EndProject
Global
	GlobalSection(SolutionConfigurationPlatforms) = preSolution
		Debug|Any CPU = Debug|Any CPU
		Release|Any CPU = Release|Any CPU
	EndGlobalSection
	GlobalSection(ProjectConfigurationPlatforms) = postSolution
		{C4BDF69A-606A-457D-9037-F9892034528C}.Debug|Any CPU.ActiveCfg = Debug|Any CPU
		{C4BDF69A-606A-457D-9037-F9892034528C}.Debug|Any CPU.Build.0 = Debug|Any CPU
		{C4BDF69A-606A-457D-9037-F9892034528C}.Release|Any CPU.ActiveCfg = Release|Any CPU
		{C4BDF69A-606A-457D-9037-F9892034528C}.Release|Any CPU.Build.0 = Release|Any CPU
		{6ABA83AA-9706-4440-8480-43A0A4CFF473}.Debug|Any CPU.ActiveCfg = Debug|Any CPU
		{6ABA83AA-9706-4440-8480-43A0A4CFF473}.Debug|Any CPU.Build.0 = Debug|Any CPU
		{6ABA83AA-9706-4440-8480-43A0A4CFF473}.Release|Any CPU.ActiveCfg = Release|Any CPU
		{6ABA83AA-9706-4440-8480-43A0A4CFF473}.Release|Any CPU.Build.0 = Release|Any CPU
		{74350BF8-B6EA-4E5D-ABA3-DE0447C0AD09}.Debug|Any CPU.ActiveCfg = Debug|Any CPU
		{74350BF8-B6EA-4E5D-ABA3-DE0447C0AD09}.Debug|Any CPU.Build.0 = Debug|Any CPU
		{74350BF8-B6EA-4E5D-ABA3-DE0447C0AD09}.Release|Any CPU.ActiveCfg = Release|Any CPU
		{74350BF8-B6EA-4E5D-ABA3-DE0447C0AD09}.Release|Any CPU.Build.0 = Release|Any CPU
		{1E3BD4A8-7157-4EAD-B9E9-46331EB56FDC}.Debug|Any CPU.ActiveCfg = Debug|Any CPU
		{1E3BD4A8-7157-4EAD-B9E9-46331EB56FDC}.Debug|Any CPU.Build.0 = Debug|Any CPU
		{1E3BD4A8-7157-4EAD-B9E9-46331EB56FDC}.Release|Any CPU.ActiveCfg = Release|Any CPU
		{1E3BD4A8-7157-4EAD-B9E9-46331EB56FDC}.Release|Any CPU.Build.0 = Release|Any CPU
		{47E61386-2133-41BB-94B7-139A5720AB61}.Debug|Any CPU.ActiveCfg = Debug|Any CPU
		{47E61386-2133-41BB-94B7-139A5720AB61}.Debug|Any CPU.Build.0 = Debug|Any CPU
		{47E61386-2133-41BB-94B7-139A5720AB61}.Release|Any CPU.ActiveCfg = Release|Any CPU
		{47E61386-2133-41BB-94B7-139A5720AB61}.Release|Any CPU.Build.0 = Release|Any CPU
		{933239AB-251F-4765-AA2C-B01F93AF064A}.Debug|Any CPU.ActiveCfg = Debug|Any CPU
		{933239AB-251F-4765-AA2C-B01F93AF064A}.Debug|Any CPU.Build.0 = Debug|Any CPU
		{933239AB-251F-4765-AA2C-B01F93AF064A}.Release|Any CPU.ActiveCfg = Release|Any CPU
		{933239AB-251F-4765-AA2C-B01F93AF064A}.Release|Any CPU.Build.0 = Release|Any CPU
		{D1170946-BE6B-43E5-81C3-382AB50751FF}.Debug|Any CPU.ActiveCfg = Debug|Any CPU
		{D1170946-BE6B-43E5-81C3-382AB50751FF}.Debug|Any CPU.Build.0 = Debug|Any CPU
		{D1170946-BE6B-43E5-81C3-382AB50751FF}.Release|Any CPU.ActiveCfg = Release|Any CPU
		{D1170946-BE6B-43E5-81C3-382AB50751FF}.Release|Any CPU.Build.0 = Release|Any CPU
		{41689DF6-1205-4EAB-9CAF-5BA80224A18E}.Debug|Any CPU.ActiveCfg = Debug|Any CPU
		{41689DF6-1205-4EAB-9CAF-5BA80224A18E}.Debug|Any CPU.Build.0 = Debug|Any CPU
		{41689DF6-1205-4EAB-9CAF-5BA80224A18E}.Release|Any CPU.ActiveCfg = Release|Any CPU
		{41689DF6-1205-4EAB-9CAF-5BA80224A18E}.Release|Any CPU.Build.0 = Release|Any CPU
		{4A6FDEB2-232E-4033-9A80-8381A2FFAC25}.Debug|Any CPU.ActiveCfg = Debug|Any CPU
		{4A6FDEB2-232E-4033-9A80-8381A2FFAC25}.Debug|Any CPU.Build.0 = Debug|Any CPU
		{4A6FDEB2-232E-4033-9A80-8381A2FFAC25}.Release|Any CPU.ActiveCfg = Release|Any CPU
		{4A6FDEB2-232E-4033-9A80-8381A2FFAC25}.Release|Any CPU.Build.0 = Release|Any CPU
	EndGlobalSection
	GlobalSection(NestedProjects) = preSolution
		{FC7CFCF6-11DA-465A-8F73-7BF4834D022C} = {284C3513-EC50-4278-990A-3A4BA4EC49AA}
		{C4BDF69A-606A-457D-9037-F9892034528C} = {284C3513-EC50-4278-990A-3A4BA4EC49AA}
		{6ABA83AA-9706-4440-8480-43A0A4CFF473} = {284C3513-EC50-4278-990A-3A4BA4EC49AA}
		{74350BF8-B6EA-4E5D-ABA3-DE0447C0AD09} = {284C3513-EC50-4278-990A-3A4BA4EC49AA}
		{1E3BD4A8-7157-4EAD-B9E9-46331EB56FDC} = {FC7CFCF6-11DA-465A-8F73-7BF4834D022C}
		{47E61386-2133-41BB-94B7-139A5720AB61} = {FC7CFCF6-11DA-465A-8F73-7BF4834D022C}
		{933239AB-251F-4765-AA2C-B01F93AF064A} = {FC7CFCF6-11DA-465A-8F73-7BF4834D022C}
		{D1170946-BE6B-43E5-81C3-382AB50751FF} = {FC7CFCF6-11DA-465A-8F73-7BF4834D022C}
		{41689DF6-1205-4EAB-9CAF-5BA80224A18E} = {FC7CFCF6-11DA-465A-8F73-7BF4834D022C}
		{4A6FDEB2-232E-4033-9A80-8381A2FFAC25} = {BCEE0E70-384D-4BB9-A7AD-170B97CBAF7F}
	EndGlobalSection
EndGlobal
